// !$*UTF8*$!
{
	archiveVersion = 1;
	classes = {
	};
	objectVersion = 46;
	objects = {

/* Begin PBXBuildFile section */
		4A46B7AD1A541A53007AA3C3 /* AppDelegate.m in Sources */ = {isa = PBXBuildFile; fileRef = 4A46B7AC1A541A53007AA3C3 /* AppDelegate.m */; };
		4A46B7AF1A541A53007AA3C3 /* main.m in Sources */ = {isa = PBXBuildFile; fileRef = 4A46B7AE1A541A53007AA3C3 /* main.m */; };
		4A46B7B11A541A53007AA3C3 /* Images.xcassets in Resources */ = {isa = PBXBuildFile; fileRef = 4A46B7B01A541A53007AA3C3 /* Images.xcassets */; };
		4A46B7B41A541A53007AA3C3 /* MainMenu.xib in Resources */ = {isa = PBXBuildFile; fileRef = 4A46B7B21A541A53007AA3C3 /* MainMenu.xib */; };
		4A46B7C01A541A53007AA3C3 /* passgenTests.m in Sources */ = {isa = PBXBuildFile; fileRef = 4A46B7BF1A541A53007AA3C3 /* passgenTests.m */; };
		4AAAE22F1A55E6BC0013BCFA /* PasswordGenerator.m in Sources */ = {isa = PBXBuildFile; fileRef = 4AAAE22E1A55E6BC0013BCFA /* PasswordGenerator.m */; };
/* End PBXBuildFile section */

/* Begin PBXContainerItemProxy section */
		4A46B7BA1A541A53007AA3C3 /* PBXContainerItemProxy */ = {
			isa = PBXContainerItemProxy;
			containerPortal = 4A46B79E1A541A52007AA3C3 /* Project object */;
			proxyType = 1;
			remoteGlobalIDString = 4A46B7A51A541A52007AA3C3;
			remoteInfo = passgen;
		};
/* End PBXContainerItemProxy section */

/* Begin PBXFileReference section */
		4A46B7A61A541A52007AA3C3 /* passgen.app */ = {isa = PBXFileReference; explicitFileType = wrapper.application; includeInIndex = 0; path = passgen.app; sourceTree = BUILT_PRODUCTS_DIR; };
		4A46B7AA1A541A53007AA3C3 /* Info.plist */ = {isa = PBXFileReference; lastKnownFileType = text.plist.xml; path = Info.plist; sourceTree = "<group>"; };
		4A46B7AB1A541A53007AA3C3 /* AppDelegate.h */ = {isa = PBXFileReference; lastKnownFileType = sourcecode.c.h; path = AppDelegate.h; sourceTree = "<group>"; };
		4A46B7AC1A541A53007AA3C3 /* AppDelegate.m */ = {isa = PBXFileReference; lastKnownFileType = sourcecode.c.objc; path = AppDelegate.m; sourceTree = "<group>"; };
		4A46B7AE1A541A53007AA3C3 /* main.m */ = {isa = PBXFileReference; lastKnownFileType = sourcecode.c.objc; path = main.m; sourceTree = "<group>"; };
		4A46B7B01A541A53007AA3C3 /* Images.xcassets */ = {isa = PBXFileReference; lastKnownFileType = folder.assetcatalog; path = Images.xcassets; sourceTree = "<group>"; };
		4A46B7B31A541A53007AA3C3 /* Base */ = {isa = PBXFileReference; lastKnownFileType = file.xib; name = Base; path = Base.lproj/MainMenu.xib; sourceTree = "<group>"; };
		4A46B7B91A541A53007AA3C3 /* passgenTests.xctest */ = {isa = PBXFileReference; explicitFileType = wrapper.cfbundle; includeInIndex = 0; path = passgenTests.xctest; sourceTree = BUILT_PRODUCTS_DIR; };
		4A46B7BE1A541A53007AA3C3 /* Info.plist */ = {isa = PBXFileReference; lastKnownFileType = text.plist.xml; path = Info.plist; sourceTree = "<group>"; };
		4A46B7BF1A541A53007AA3C3 /* passgenTests.m */ = {isa = PBXFileReference; lastKnownFileType = sourcecode.c.objc; path = passgenTests.m; sourceTree = "<group>"; };
		4AAAE22E1A55E6BC0013BCFA /* PasswordGenerator.m */ = {isa = PBXFileReference; fileEncoding = 4; lastKnownFileType = sourcecode.c.objc; name = PasswordGenerator.m; path = Model/PasswordGenerator.m; sourceTree = "<group>"; };
		4AAAE2301A55E6D50013BCFA /* PasswordGenerator.h */ = {isa = PBXFileReference; lastKnownFileType = sourcecode.c.h; name = PasswordGenerator.h; path = Model/PasswordGenerator.h; sourceTree = "<group>"; };
/* End PBXFileReference section */

/* Begin PBXFrameworksBuildPhase section */
		4A46B7A31A541A52007AA3C3 /* Frameworks */ = {
			isa = PBXFrameworksBuildPhase;
			buildActionMask = 2147483647;
			files = (
			);
			runOnlyForDeploymentPostprocessing = 0;
		};
		4A46B7B61A541A53007AA3C3 /* Frameworks */ = {
			isa = PBXFrameworksBuildPhase;
			buildActionMask = 2147483647;
			files = (
			);
			runOnlyForDeploymentPostprocessing = 0;
		};
/* End PBXFrameworksBuildPhase section */

/* Begin PBXGroup section */
		4A46B79D1A541A52007AA3C3 = {
			isa = PBXGroup;
			children = (
				4A46B7A81A541A52007AA3C3 /* passgen */,
				4A46B7BC1A541A53007AA3C3 /* passgenTests */,
				4A46B7A71A541A52007AA3C3 /* Products */,
			);
			sourceTree = "<group>";
		};
		4A46B7A71A541A52007AA3C3 /* Products */ = {
			isa = PBXGroup;
			children = (
				4A46B7A61A541A52007AA3C3 /* passgen.app */,
				4A46B7B91A541A53007AA3C3 /* passgenTests.xctest */,
			);
			name = Products;
			sourceTree = "<group>";
		};
		4A46B7A81A541A52007AA3C3 /* passgen */ = {
			isa = PBXGroup;
			children = (
				4A46B7AB1A541A53007AA3C3 /* AppDelegate.h */,
				4A46B7AC1A541A53007AA3C3 /* AppDelegate.m */,
				4AAAE22D1A55E6830013BCFA /* Model */,
				4A46B7B01A541A53007AA3C3 /* Images.xcassets */,
				4A46B7B21A541A53007AA3C3 /* MainMenu.xib */,
				4A46B7A91A541A53007AA3C3 /* Supporting Files */,
			);
			path = passgen;
			sourceTree = "<group>";
		};
		4A46B7A91A541A53007AA3C3 /* Supporting Files */ = {
			isa = PBXGroup;
			children = (
				4A46B7AA1A541A53007AA3C3 /* Info.plist */,
				4A46B7AE1A541A53007AA3C3 /* main.m */,
			);
			name = "Supporting Files";
			sourceTree = "<group>";
		};
		4A46B7BC1A541A53007AA3C3 /* passgenTests */ = {
			isa = PBXGroup;
			children = (
				4A46B7BF1A541A53007AA3C3 /* passgenTests.m */,
				4A46B7BD1A541A53007AA3C3 /* Supporting Files */,
			);
			path = passgenTests;
			sourceTree = "<group>";
		};
		4A46B7BD1A541A53007AA3C3 /* Supporting Files */ = {
			isa = PBXGroup;
			children = (
				4A46B7BE1A541A53007AA3C3 /* Info.plist */,
			);
			name = "Supporting Files";
			sourceTree = "<group>";
		};
		4AAAE22D1A55E6830013BCFA /* Model */ = {
			isa = PBXGroup;
			children = (
				4AAAE2301A55E6D50013BCFA /* PasswordGenerator.h */,
				4AAAE22E1A55E6BC0013BCFA /* PasswordGenerator.m */,
			);
			name = Model;
			sourceTree = "<group>";
		};
/* End PBXGroup section */

/* Begin PBXNativeTarget section */
		4A46B7A51A541A52007AA3C3 /* passgen */ = {
			isa = PBXNativeTarget;
			buildConfigurationList = 4A46B7C31A541A53007AA3C3 /* Build configuration list for PBXNativeTarget "passgen" */;
			buildPhases = (
				4A46B7A21A541A52007AA3C3 /* Sources */,
				4A46B7A31A541A52007AA3C3 /* Frameworks */,
				4A46B7A41A541A52007AA3C3 /* Resources */,
			);
			buildRules = (
			);
			dependencies = (
			);
			name = passgen;
			productName = passgen;
			productReference = 4A46B7A61A541A52007AA3C3 /* passgen.app */;
			productType = "com.apple.product-type.application";
		};
		4A46B7B81A541A53007AA3C3 /* passgenTests */ = {
			isa = PBXNativeTarget;
			buildConfigurationList = 4A46B7C61A541A53007AA3C3 /* Build configuration list for PBXNativeTarget "passgenTests" */;
			buildPhases = (
				4A46B7B51A541A53007AA3C3 /* Sources */,
				4A46B7B61A541A53007AA3C3 /* Frameworks */,
				4A46B7B71A541A53007AA3C3 /* Resources */,
			);
			buildRules = (
			);
			dependencies = (
				4A46B7BB1A541A53007AA3C3 /* PBXTargetDependency */,
			);
			name = passgenTests;
			productName = passgenTests;
			productReference = 4A46B7B91A541A53007AA3C3 /* passgenTests.xctest */;
			productType = "com.apple.product-type.bundle.unit-test";
		};
/* End PBXNativeTarget section */

/* Begin PBXProject section */
		4A46B79E1A541A52007AA3C3 /* Project object */ = {
			isa = PBXProject;
			attributes = {
				LastUpgradeCheck = 0610;
				ORGANIZATIONNAME = "Radu Croitoru";
				TargetAttributes = {
					4A46B7A51A541A52007AA3C3 = {
						CreatedOnToolsVersion = 6.1.1;
					};
					4A46B7B81A541A53007AA3C3 = {
						CreatedOnToolsVersion = 6.1.1;
						TestTargetID = 4A46B7A51A541A52007AA3C3;
					};
				};
			};
			buildConfigurationList = 4A46B7A11A541A52007AA3C3 /* Build configuration list for PBXProject "passgen" */;
			compatibilityVersion = "Xcode 3.2";
			developmentRegion = English;
			hasScannedForEncodings = 0;
			knownRegions = (
				en,
				Base,
			);
			mainGroup = 4A46B79D1A541A52007AA3C3;
			productRefGroup = 4A46B7A71A541A52007AA3C3 /* Products */;
			projectDirPath = "";
			projectRoot = "";
			targets = (
				4A46B7A51A541A52007AA3C3 /* passgen */,
				4A46B7B81A541A53007AA3C3 /* passgenTests */,
			);
		};
/* End PBXProject section */

/* Begin PBXResourcesBuildPhase section */
		4A46B7A41A541A52007AA3C3 /* Resources */ = {
			isa = PBXResourcesBuildPhase;
			buildActionMask = 2147483647;
			files = (
				4A46B7B11A541A53007AA3C3 /* Images.xcassets in Resources */,
				4A46B7B41A541A53007AA3C3 /* MainMenu.xib in Resources */,
			);
			runOnlyForDeploymentPostprocessing = 0;
		};
		4A46B7B71A541A53007AA3C3 /* Resources */ = {
			isa = PBXResourcesBuildPhase;
			buildActionMask = 2147483647;
			files = (
			);
			runOnlyForDeploymentPostprocessing = 0;
		};
/* End PBXResourcesBuildPhase section */

/* Begin PBXSourcesBuildPhase section */
		4A46B7A21A541A52007AA3C3 /* Sources */ = {
			isa = PBXSourcesBuildPhase;
			buildActionMask = 2147483647;
			files = (
				4A46B7AF1A541A53007AA3C3 /* main.m in Sources */,
				4AAAE22F1A55E6BC0013BCFA /* PasswordGenerator.m in Sources */,
				4A46B7AD1A541A53007AA3C3 /* AppDelegate.m in Sources */,
			);
			runOnlyForDeploymentPostprocessing = 0;
		};
		4A46B7B51A541A53007AA3C3 /* Sources */ = {
			isa = PBXSourcesBuildPhase;
			buildActionMask = 2147483647;
			files = (
				4A46B7C01A541A53007AA3C3 /* passgenTests.m in Sources */,
			);
			runOnlyForDeploymentPostprocessing = 0;
		};
/* End PBXSourcesBuildPhase section */

/* Begin PBXTargetDependency section */
		4A46B7BB1A541A53007AA3C3 /* PBXTargetDependency */ = {
			isa = PBXTargetDependency;
			target = 4A46B7A51A541A52007AA3C3 /* passgen */;
			targetProxy = 4A46B7BA1A541A53007AA3C3 /* PBXContainerItemProxy */;
		};
/* End PBXTargetDependency section */

/* Begin PBXVariantGroup section */
		4A46B7B21A541A53007AA3C3 /* MainMenu.xib */ = {
			isa = PBXVariantGroup;
			children = (
				4A46B7B31A541A53007AA3C3 /* Base */,
			);
			name = MainMenu.xib;
			sourceTree = "<group>";
		};
/* End PBXVariantGroup section */

/* Begin XCBuildConfiguration section */
		4A46B7C11A541A53007AA3C3 /* Debug */ = {
			isa = XCBuildConfiguration;
			buildSettings = {
				ALWAYS_SEARCH_USER_PATHS = NO;
				CLANG_CXX_LANGUAGE_STANDARD = "gnu++0x";
				CLANG_CXX_LIBRARY = "libc++";
				CLANG_ENABLE_MODULES = YES;
				CLANG_ENABLE_OBJC_ARC = YES;
				CLANG_WARN_BOOL_CONVERSION = YES;
				CLANG_WARN_CONSTANT_CONVERSION = YES;
				CLANG_WARN_DIRECT_OBJC_ISA_USAGE = YES_ERROR;
				CLANG_WARN_EMPTY_BODY = YES;
				CLANG_WARN_ENUM_CONVERSION = YES;
				CLANG_WARN_INT_CONVERSION = YES;
				CLANG_WARN_OBJC_ROOT_CLASS = YES_ERROR;
				CLANG_WARN_UNREACHABLE_CODE = YES;
				CLANG_WARN__DUPLICATE_METHOD_MATCH = YES;
				CODE_SIGN_IDENTITY = "-";
				COPY_PHASE_STRIP = NO;
				ENABLE_STRICT_OBJC_MSGSEND = YES;
				GCC_C_LANGUAGE_STANDARD = gnu99;
				GCC_DYNAMIC_NO_PIC = NO;
				GCC_OPTIMIZATION_LEVEL = 0;
				GCC_PREPROCESSOR_DEFINITIONS = (
					"DEBUG=1",
					"$(inherited)",
				);
				GCC_SYMBOLS_PRIVATE_EXTERN = NO;
				GCC_WARN_64_TO_32_BIT_CONVERSION = YES;
				GCC_WARN_ABOUT_RETURN_TYPE = YES_ERROR;
				GCC_WARN_UNDECLARED_SELECTOR = YES;
				GCC_WARN_UNINITIALIZED_AUTOS = YES_AGGRESSIVE;
				GCC_WARN_UNUSED_FUNCTION = YES;
				GCC_WARN_UNUSED_VARIABLE = YES;
				MACOSX_DEPLOYMENT_TARGET = 10.10;
				MTL_ENABLE_DEBUG_INFO = YES;
				ONLY_ACTIVE_ARCH = YES;
				SDKROOT = macosx;
			};
			name = Debug;
		};
		4A46B7C21A541A53007AA3C3 /* Release */ = {
			isa = XCBuildConfiguration;
			buildSettings = {
				ALWAYS_SEARCH_USER_PATHS = NO;
				CLANG_CXX_LANGUAGE_STANDARD = "gnu++0x";
				CLANG_CXX_LIBRARY = "libc++";
				CLANG_ENABLE_MODULES = YES;
				CLANG_ENABLE_OBJC_ARC = YES;
				CLANG_WARN_BOOL_CONVERSION = YES;
				CLANG_WARN_CONSTANT_CONVERSION = YES;
				CLANG_WARN_DIRECT_OBJC_ISA_USAGE = YES_ERROR;
				CLANG_WARN_EMPTY_BODY = YES;
				CLANG_WARN_ENUM_CONVERSION = YES;
				CLANG_WARN_INT_CONVERSION = YES;
				CLANG_WARN_OBJC_ROOT_CLASS = YES_ERROR;
				CLANG_WARN_UNREACHABLE_CODE = YES;
				CLANG_WARN__DUPLICATE_METHOD_MATCH = YES;
				CODE_SIGN_IDENTITY = "-";
				COPY_PHASE_STRIP = YES;
				DEBUG_INFORMATION_FORMAT = "dwarf-with-dsym";
				ENABLE_NS_ASSERTIONS = NO;
				ENABLE_STRICT_OBJC_MSGSEND = YES;
				GCC_C_LANGUAGE_STANDARD = gnu99;
				GCC_WARN_64_TO_32_BIT_CONVERSION = YES;
				GCC_WARN_ABOUT_RETURN_TYPE = YES_ERROR;
				GCC_WARN_UNDECLARED_SELECTOR = YES;
				GCC_WARN_UNINITIALIZED_AUTOS = YES_AGGRESSIVE;
				GCC_WARN_UNUSED_FUNCTION = YES;
				GCC_WARN_UNUSED_VARIABLE = YES;
				MACOSX_DEPLOYMENT_TARGET = 10.10;
				MTL_ENABLE_DEBUG_INFO = NO;
				SDKROOT = macosx;
			};
			name = Release;
		};
		4A46B7C41A541A53007AA3C3 /* Debug */ = {
			isa = XCBuildConfiguration;
			buildSettings = {
				ASSETCATALOG_COMPILER_APPICON_NAME = AppIcon;
				COMBINE_HIDPI_IMAGES = YES;
				INFOPLIST_FILE = passgen/Info.plist;
				LD_RUNPATH_SEARCH_PATHS = "$(inherited) @executable_path/../Frameworks";
				PRODUCT_NAME = "$(TARGET_NAME)";
			};
			name = Debug;
		};
		4A46B7C51A541A53007AA3C3 /* Release */ = {
			isa = XCBuildConfiguration;
			buildSettings = {
				ASSETCATALOG_COMPILER_APPICON_NAME = AppIcon;
				COMBINE_HIDPI_IMAGES = YES;
				INFOPLIST_FILE = passgen/Info.plist;
				LD_RUNPATH_SEARCH_PATHS = "$(inherited) @executable_path/../Frameworks";
				PRODUCT_NAME = "$(TARGET_NAME)";
			};
			name = Release;
		};
		4A46B7C71A541A53007AA3C3 /* Debug */ = {
			isa = XCBuildConfiguration;
			buildSettings = {
				BUNDLE_LOADER = "$(TEST_HOST)";
				COMBINE_HIDPI_IMAGES = YES;
				FRAMEWORK_SEARCH_PATHS = (
					"$(DEVELOPER_FRAMEWORKS_DIR)",
					"$(inherited)",
				);
				GCC_PREPROCESSOR_DEFINITIONS = (
					"DEBUG=1",
					"$(inherited)",
				);
				INFOPLIST_FILE = passgenTests/Info.plist;
				LD_RUNPATH_SEARCH_PATHS = "$(inherited) @executable_path/../Frameworks @loader_path/../Frameworks";
				PRODUCT_NAME = "$(TARGET_NAME)";
				TEST_HOST = "$(BUILT_PRODUCTS_DIR)/passgen.app/Contents/MacOS/passgen";
			};
			name = Debug;
		};
		4A46B7C81A541A53007AA3C3 /* Release */ = {
			isa = XCBuildConfiguration;
			buildSettings = {
				BUNDLE_LOADER = "$(TEST_HOST)";
				COMBINE_HIDPI_IMAGES = YES;
				FRAMEWORK_SEARCH_PATHS = (
					"$(DEVELOPER_FRAMEWORKS_DIR)",
					"$(inherited)",
				);
				INFOPLIST_FILE = passgenTests/Info.plist;
				LD_RUNPATH_SEARCH_PATHS = "$(inherited) @executable_path/../Frameworks @loader_path/../Frameworks";
				PRODUCT_NAME = "$(TARGET_NAME)";
				TEST_HOST = "$(BUILT_PRODUCTS_DIR)/passgen.app/Contents/MacOS/passgen";
			};
			name = Release;
		};
/* End XCBuildConfiguration section */

/* Begin XCConfigurationList section */
		4A46B7A11A541A52007AA3C3 /* Build configuration list for PBXProject "passgen" */ = {
			isa = XCConfigurationList;
			buildConfigurations = (
				4A46B7C11A541A53007AA3C3 /* Debug */,
				4A46B7C21A541A53007AA3C3 /* Release */,
			);
			defaultConfigurationIsVisible = 0;
			defaultConfigurationName = Release;
		};
		4A46B7C31A541A53007AA3C3 /* Build configuration list for PBXNativeTarget "passgen" */ = {
			isa = XCConfigurationList;
			buildConfigurations = (
				4A46B7C41A541A53007AA3C3 /* Debug */,
				4A46B7C51A541A53007AA3C3 /* Release */,
			);
			defaultConfigurationIsVisible = 0;
			defaultConfigurationName = Release;
		};
		4A46B7C61A541A53007AA3C3 /* Build configuration list for PBXNativeTarget "passgenTests" */ = {
			isa = XCConfigurationList;
			buildConfigurations = (
				4A46B7C71A541A53007AA3C3 /* Debug */,
				4A46B7C81A541A53007AA3C3 /* Release */,
			);
			defaultConfigurationIsVisible = 0;
			defaultConfigurationName = Release;
		};
/* End XCConfigurationList section */
	};
	rootObject = 4A46B79E1A541A52007AA3C3 /* Project object */;
}
